
Microsoft Visual Studio Solution File, Format Version 12.00
# Visual Studio 15
Project("{FAE04EC0-301F-11D3-BF4B-00C04F79EFBC}") = "Assembly-CSharp", "Assembly-CSharp.csproj", "{951F465F-B83A-7B15-B079-E4C0474DD592}"
EndProject
Project("{FAE04EC0-301F-11D3-BF4B-00C04F79EFBC}") = "Assembly-CSharp-Editor", "Assembly-CSharp-Editor.csproj", "{F0DFA904-D58A-04F5-E56F-4D4CFAA71252}"
EndProject
Global
	GlobalSection(SolutionConfigurationPlatforms) = preSolution
		Debug|Any CPU = Debug|Any CPU
		Release|Any CPU = Release|Any CPU
	EndGlobalSection
	GlobalSection(ProjectConfigurationPlatforms) = postSolution
		{951F465F-B83A-7B15-B079-E4C0474DD592}.Debug|Any CPU.ActiveCfg = Debug|Any CPU
		{951F465F-B83A-7B15-B079-E4C0474DD592}.Debug|Any CPU.Build.0 = Debug|Any CPU
		{951F465F-B83A-7B15-B079-E4C0474DD592}.Release|Any CPU.ActiveCfg = Release|Any CPU
		{951F465F-B83A-7B15-B079-E4C0474DD592}.Release|Any CPU.Build.0 = Release|Any CPU
		{F0DFA904-D58A-04F5-E56F-4D4CFAA71252}.Debug|Any CPU.ActiveCfg = Debug|Any CPU
		{F0DFA904-D58A-04F5-E56F-4D4CFAA71252}.Debug|Any CPU.Build.0 = Debug|Any CPU
		{F0DFA904-D58A-04F5-E56F-4D4CFAA71252}.Release|Any CPU.ActiveCfg = Release|Any CPU
		{F0DFA904-D58A-04F5-E56F-4D4CFAA71252}.Release|Any CPU.Build.0 = Release|Any CPU
	EndGlobalSection
	GlobalSection(SolutionProperties) = preSolution
		HideSolutionNode = FALSE
	EndGlobalSection
EndGlobal
